
Microsoft Visual Studio Solution File, Format Version 12.00
# Visual Studio Version 17
VisualStudioVersion = 17.11.35312.102
MinimumVisualStudioVersion = 10.0.40219.1
Project("{FAE04EC0-301F-11D3-BF4B-00C04F79EFBC}") = "MultiplexingServiceClient", "MultiplexingServiceClient\MultiplexingServiceClient.csproj", "{1704243C-2BE8-48F2-997C-A6C69407250E}"
EndProject
Global
	GlobalSection(SolutionConfigurationPlatforms) = preSolution
		Debug|Any CPU = Debug|Any CPU
		Release|Any CPU = Release|Any CPU
	EndGlobalSection
	GlobalSection(ProjectConfigurationPlatforms) = postSolution
		{1704243C-2BE8-48F2-997C-A6C69407250E}.Debug|Any CPU.ActiveCfg = Debug|Any CPU
		{1704243C-2BE8-48F2-997C-A6C69407250E}.Debug|Any CPU.Build.0 = Debug|Any CPU
		{1704243C-2BE8-48F2-997C-A6C69407250E}.Release|Any CPU.ActiveCfg = Release|Any CPU
		{1704243C-2BE8-48F2-997C-A6C69407250E}.Release|Any CPU.Build.0 = Release|Any CPU
	EndGlobalSection
	GlobalSection(SolutionProperties) = preSolution
		HideSolutionNode = FALSE
	EndGlobalSection
	GlobalSection(ExtensibilityGlobals) = postSolution
		SolutionGuid = {1B7300BC-9041-493D-A841-94B53849C866}
	EndGlobalSection
EndGlobal
